// !$*UTF8*$!
{
	archiveVersion = 1;
	classes = {
	};
	objectVersion = 50;
	objects = {

/* Begin PBXBuildFile section */
		391F7AA123D6C86100198BFC /* AppDelegate.swift in Sources */ = {isa = PBXBuildFile; fileRef = 391F7AA023D6C86100198BFC /* AppDelegate.swift */; };
		391F7AA323D6C86100198BFC /* SceneDelegate.swift in Sources */ = {isa = PBXBuildFile; fileRef = 391F7AA223D6C86100198BFC /* SceneDelegate.swift */; };
		391F7AA523D6C86100198BFC /* ViewController.swift in Sources */ = {isa = PBXBuildFile; fileRef = 391F7AA423D6C86100198BFC /* ViewController.swift */; };
		391F7AA823D6C86100198BFC /* Main.storyboard in Resources */ = {isa = PBXBuildFile; fileRef = 391F7AA623D6C86100198BFC /* Main.storyboard */; };
		391F7AAA23D6C86200198BFC /* Assets.xcassets in Resources */ = {isa = PBXBuildFile; fileRef = 391F7AA923D6C86200198BFC /* Assets.xcassets */; };
		391F7AAD23D6C86200198BFC /* LaunchScreen.storyboard in Resources */ = {isa = PBXBuildFile; fileRef = 391F7AAB23D6C86200198BFC /* LaunchScreen.storyboard */; };
		391F7AB823D6C86200198BFC /* TipCalTests.swift in Sources */ = {isa = PBXBuildFile; fileRef = 391F7AB723D6C86200198BFC /* TipCalTests.swift */; };
		391F7AC323D6C86200198BFC /* TipCalUITests.swift in Sources */ = {isa = PBXBuildFile; fileRef = 391F7AC223D6C86200198BFC /* TipCalUITests.swift */; };
/* End PBXBuildFile section */

/* Begin PBXContainerItemProxy section */
		391F7AB423D6C86200198BFC /* PBXContainerItemProxy */ = {
			isa = PBXContainerItemProxy;
			containerPortal = 391F7A9523D6C86100198BFC /* Project object */;
			proxyType = 1;
			remoteGlobalIDString = 391F7A9C23D6C86100198BFC;
			remoteInfo = TipCal;
		};
		391F7ABF23D6C86200198BFC /* PBXContainerItemProxy */ = {
			isa = PBXContainerItemProxy;
			containerPortal = 391F7A9523D6C86100198BFC /* Project object */;
			proxyType = 1;
			remoteGlobalIDString = 391F7A9C23D6C86100198BFC;
			remoteInfo = TipCal;
		};
/* End PBXContainerItemProxy section */

/* Begin PBXFileReference section */
		391F7A9D23D6C86100198BFC /* TipCal.app */ = {isa = PBXFileReference; explicitFileType = wrapper.application; includeInIndex = 0; path = TipCal.app; sourceTree = BUILT_PRODUCTS_DIR; };
		391F7AA023D6C86100198BFC /* AppDelegate.swift */ = {isa = PBXFileReference; lastKnownFileType = sourcecode.swift; path = AppDelegate.swift; sourceTree = "<group>"; };
		391F7AA223D6C86100198BFC /* SceneDelegate.swift */ = {isa = PBXFileReference; lastKnownFileType = sourcecode.swift; path = SceneDelegate.swift; sourceTree = "<group>"; };
		391F7AA423D6C86100198BFC /* ViewController.swift */ = {isa = PBXFileReference; lastKnownFileType = sourcecode.swift; path = ViewController.swift; sourceTree = "<group>"; };
		391F7AA723D6C86100198BFC /* Base */ = {isa = PBXFileReference; lastKnownFileType = file.storyboard; name = Base; path = Base.lproj/Main.storyboard; sourceTree = "<group>"; };
		391F7AA923D6C86200198BFC /* Assets.xcassets */ = {isa = PBXFileReference; lastKnownFileType = folder.assetcatalog; path = Assets.xcassets; sourceTree = "<group>"; };
		391F7AAC23D6C86200198BFC /* Base */ = {isa = PBXFileReference; lastKnownFileType = file.storyboard; name = Base; path = Base.lproj/LaunchScreen.storyboard; sourceTree = "<group>"; };
		391F7AAE23D6C86200198BFC /* Info.plist */ = {isa = PBXFileReference; lastKnownFileType = text.plist.xml; path = Info.plist; sourceTree = "<group>"; };
		391F7AB323D6C86200198BFC /* TipCalTests.xctest */ = {isa = PBXFileReference; explicitFileType = wrapper.cfbundle; includeInIndex = 0; path = TipCalTests.xctest; sourceTree = BUILT_PRODUCTS_DIR; };
		391F7AB723D6C86200198BFC /* TipCalTests.swift */ = {isa = PBXFileReference; lastKnownFileType = sourcecode.swift; path = TipCalTests.swift; sourceTree = "<group>"; };
		391F7AB923D6C86200198BFC /* Info.plist */ = {isa = PBXFileReference; lastKnownFileType = text.plist.xml; path = Info.plist; sourceTree = "<group>"; };
		391F7ABE23D6C86200198BFC /* TipCalUITests.xctest */ = {isa = PBXFileReference; explicitFileType = wrapper.cfbundle; includeInIndex = 0; path = TipCalUITests.xctest; sourceTree = BUILT_PRODUCTS_DIR; };
		391F7AC223D6C86200198BFC /* TipCalUITests.swift */ = {isa = PBXFileReference; lastKnownFileType = sourcecode.swift; path = TipCalUITests.swift; sourceTree = "<group>"; };
		391F7AC423D6C86200198BFC /* Info.plist */ = {isa = PBXFileReference; lastKnownFileType = text.plist.xml; path = Info.plist; sourceTree = "<group>"; };
/* End PBXFileReference section */

/* Begin PBXFrameworksBuildPhase section */
		391F7A9A23D6C86100198BFC /* Frameworks */ = {
			isa = PBXFrameworksBuildPhase;
			buildActionMask = 2147483647;
			files = (
			);
			runOnlyForDeploymentPostprocessing = 0;
		};
		391F7AB023D6C86200198BFC /* Frameworks */ = {
			isa = PBXFrameworksBuildPhase;
			buildActionMask = 2147483647;
			files = (
			);
			runOnlyForDeploymentPostprocessing = 0;
		};
		391F7ABB23D6C86200198BFC /* Frameworks */ = {
			isa = PBXFrameworksBuildPhase;
			buildActionMask = 2147483647;
			files = (
			);
			runOnlyForDeploymentPostprocessing = 0;
		};
/* End PBXFrameworksBuildPhase section */

/* Begin PBXGroup section */
		391F7A9423D6C86100198BFC = {
			isa = PBXGroup;
			children = (
				391F7A9F23D6C86100198BFC /* TipCal */,
				391F7AB623D6C86200198BFC /* TipCalTests */,
				391F7AC123D6C86200198BFC /* TipCalUITests */,
				391F7A9E23D6C86100198BFC /* Products */,
			);
			sourceTree = "<group>";
		};
		391F7A9E23D6C86100198BFC /* Products */ = {
			isa = PBXGroup;
			children = (
				391F7A9D23D6C86100198BFC /* TipCal.app */,
				391F7AB323D6C86200198BFC /* TipCalTests.xctest */,
				391F7ABE23D6C86200198BFC /* TipCalUITests.xctest */,
			);
			name = Products;
			sourceTree = "<group>";
		};
		391F7A9F23D6C86100198BFC /* TipCal */ = {
			isa = PBXGroup;
			children = (
				391F7AA023D6C86100198BFC /* AppDelegate.swift */,
				391F7AA223D6C86100198BFC /* SceneDelegate.swift */,
				391F7AA423D6C86100198BFC /* ViewController.swift */,
				391F7AA623D6C86100198BFC /* Main.storyboard */,
				391F7AA923D6C86200198BFC /* Assets.xcassets */,
				391F7AAB23D6C86200198BFC /* LaunchScreen.storyboard */,
				391F7AAE23D6C86200198BFC /* Info.plist */,
			);
			path = TipCal;
			sourceTree = "<group>";
		};
		391F7AB623D6C86200198BFC /* TipCalTests */ = {
			isa = PBXGroup;
			children = (
				391F7AB723D6C86200198BFC /* TipCalTests.swift */,
				391F7AB923D6C86200198BFC /* Info.plist */,
			);
			path = TipCalTests;
			sourceTree = "<group>";
		};
		391F7AC123D6C86200198BFC /* TipCalUITests */ = {
			isa = PBXGroup;
			children = (
				391F7AC223D6C86200198BFC /* TipCalUITests.swift */,
				391F7AC423D6C86200198BFC /* Info.plist */,
			);
			path = TipCalUITests;
			sourceTree = "<group>";
		};
/* End PBXGroup section */

/* Begin PBXNativeTarget section */
		391F7A9C23D6C86100198BFC /* TipCal */ = {
			isa = PBXNativeTarget;
			buildConfigurationList = 391F7AC723D6C86200198BFC /* Build configuration list for PBXNativeTarget "TipCal" */;
			buildPhases = (
				391F7A9923D6C86100198BFC /* Sources */,
				391F7A9A23D6C86100198BFC /* Frameworks */,
				391F7A9B23D6C86100198BFC /* Resources */,
			);
			buildRules = (
			);
			dependencies = (
			);
			name = TipCal;
			productName = TipCal;
			productReference = 391F7A9D23D6C86100198BFC /* TipCal.app */;
			productType = "com.apple.product-type.application";
		};
		391F7AB223D6C86200198BFC /* TipCalTests */ = {
			isa = PBXNativeTarget;
			buildConfigurationList = 391F7ACA23D6C86200198BFC /* Build configuration list for PBXNativeTarget "TipCalTests" */;
			buildPhases = (
				391F7AAF23D6C86200198BFC /* Sources */,
				391F7AB023D6C86200198BFC /* Frameworks */,
				391F7AB123D6C86200198BFC /* Resources */,
			);
			buildRules = (
			);
			dependencies = (
				391F7AB523D6C86200198BFC /* PBXTargetDependency */,
			);
			name = TipCalTests;
			productName = TipCalTests;
			productReference = 391F7AB323D6C86200198BFC /* TipCalTests.xctest */;
			productType = "com.apple.product-type.bundle.unit-test";
		};
		391F7ABD23D6C86200198BFC /* TipCalUITests */ = {
			isa = PBXNativeTarget;
			buildConfigurationList = 391F7ACD23D6C86200198BFC /* Build configuration list for PBXNativeTarget "TipCalUITests" */;
			buildPhases = (
				391F7ABA23D6C86200198BFC /* Sources */,
				391F7ABB23D6C86200198BFC /* Frameworks */,
				391F7ABC23D6C86200198BFC /* Resources */,
			);
			buildRules = (
			);
			dependencies = (
				391F7AC023D6C86200198BFC /* PBXTargetDependency */,
			);
			name = TipCalUITests;
			productName = TipCalUITests;
			productReference = 391F7ABE23D6C86200198BFC /* TipCalUITests.xctest */;
			productType = "com.apple.product-type.bundle.ui-testing";
		};
/* End PBXNativeTarget section */

/* Begin PBXProject section */
		391F7A9523D6C86100198BFC /* Project object */ = {
			isa = PBXProject;
			attributes = {
				LastSwiftUpdateCheck = 1130;
				LastUpgradeCheck = 1130;
				ORGANIZATIONNAME = "Alexis Chen";
				TargetAttributes = {
					391F7A9C23D6C86100198BFC = {
						CreatedOnToolsVersion = 11.3.1;
					};
					391F7AB223D6C86200198BFC = {
						CreatedOnToolsVersion = 11.3.1;
						TestTargetID = 391F7A9C23D6C86100198BFC;
					};
					391F7ABD23D6C86200198BFC = {
						CreatedOnToolsVersion = 11.3.1;
						TestTargetID = 391F7A9C23D6C86100198BFC;
					};
				};
			};
			buildConfigurationList = 391F7A9823D6C86100198BFC /* Build configuration list for PBXProject "TipCal" */;
			compatibilityVersion = "Xcode 9.3";
			developmentRegion = en;
			hasScannedForEncodings = 0;
			knownRegions = (
				en,
				Base,
			);
			mainGroup = 391F7A9423D6C86100198BFC;
			productRefGroup = 391F7A9E23D6C86100198BFC /* Products */;
			projectDirPath = "";
			projectRoot = "";
			targets = (
				391F7A9C23D6C86100198BFC /* TipCal */,
				391F7AB223D6C86200198BFC /* TipCalTests */,
				391F7ABD23D6C86200198BFC /* TipCalUITests */,
			);
		};
/* End PBXProject section */

/* Begin PBXResourcesBuildPhase section */
		391F7A9B23D6C86100198BFC /* Resources */ = {
			isa = PBXResourcesBuildPhase;
			buildActionMask = 2147483647;
			files = (
				391F7AAD23D6C86200198BFC /* LaunchScreen.storyboard in Resources */,
				391F7AAA23D6C86200198BFC /* Assets.xcassets in Resources */,
				391F7AA823D6C86100198BFC /* Main.storyboard in Resources */,
			);
			runOnlyForDeploymentPostprocessing = 0;
		};
		391F7AB123D6C86200198BFC /* Resources */ = {
			isa = PBXResourcesBuildPhase;
			buildActionMask = 2147483647;
			files = (
			);
			runOnlyForDeploymentPostprocessing = 0;
		};
		391F7ABC23D6C86200198BFC /* Resources */ = {
			isa = PBXResourcesBuildPhase;
			buildActionMask = 2147483647;
			files = (
			);
			runOnlyForDeploymentPostprocessing = 0;
		};
/* End PBXResourcesBuildPhase section */

/* Begin PBXSourcesBuildPhase section */
		391F7A9923D6C86100198BFC /* Sources */ = {
			isa = PBXSourcesBuildPhase;
			buildActionMask = 2147483647;
			files = (
				391F7AA523D6C86100198BFC /* ViewController.swift in Sources */,
				391F7AA123D6C86100198BFC /* AppDelegate.swift in Sources */,
				391F7AA323D6C86100198BFC /* SceneDelegate.swift in Sources */,
			);
			runOnlyForDeploymentPostprocessing = 0;
		};
		391F7AAF23D6C86200198BFC /* Sources */ = {
			isa = PBXSourcesBuildPhase;
			buildActionMask = 2147483647;
			files = (
				391F7AB823D6C86200198BFC /* TipCalTests.swift in Sources */,
			);
			runOnlyForDeploymentPostprocessing = 0;
		};
		391F7ABA23D6C86200198BFC /* Sources */ = {
			isa = PBXSourcesBuildPhase;
			buildActionMask = 2147483647;
			files = (
				391F7AC323D6C86200198BFC /* TipCalUITests.swift in Sources */,
			);
			runOnlyForDeploymentPostprocessing = 0;
		};
/* End PBXSourcesBuildPhase section */

/* Begin PBXTargetDependency section */
		391F7AB523D6C86200198BFC /* PBXTargetDependency */ = {
			isa = PBXTargetDependency;
			target = 391F7A9C23D6C86100198BFC /* TipCal */;
			targetProxy = 391F7AB423D6C86200198BFC /* PBXContainerItemProxy */;
		};
		391F7AC023D6C86200198BFC /* PBXTargetDependency */ = {
			isa = PBXTargetDependency;
			target = 391F7A9C23D6C86100198BFC /* TipCal */;
			targetProxy = 391F7ABF23D6C86200198BFC /* PBXContainerItemProxy */;
		};
/* End PBXTargetDependency section */

/* Begin PBXVariantGroup section */
		391F7AA623D6C86100198BFC /* Main.storyboard */ = {
			isa = PBXVariantGroup;
			children = (
				391F7AA723D6C86100198BFC /* Base */,
			);
			name = Main.storyboard;
			sourceTree = "<group>";
		};
		391F7AAB23D6C86200198BFC /* LaunchScreen.storyboard */ = {
			isa = PBXVariantGroup;
			children = (
				391F7AAC23D6C86200198BFC /* Base */,
			);
			name = LaunchScreen.storyboard;
			sourceTree = "<group>";
		};
/* End PBXVariantGroup section */

/* Begin XCBuildConfiguration section */
		391F7AC523D6C86200198BFC /* Debug */ = {
			isa = XCBuildConfiguration;
			buildSettings = {
				ALWAYS_SEARCH_USER_PATHS = NO;
				CLANG_ANALYZER_NONNULL = YES;
				CLANG_ANALYZER_NUMBER_OBJECT_CONVERSION = YES_AGGRESSIVE;
				CLANG_CXX_LANGUAGE_STANDARD = "gnu++14";
				CLANG_CXX_LIBRARY = "libc++";
				CLANG_ENABLE_MODULES = YES;
				CLANG_ENABLE_OBJC_ARC = YES;
				CLANG_ENABLE_OBJC_WEAK = YES;
				CLANG_WARN_BLOCK_CAPTURE_AUTORELEASING = YES;
				CLANG_WARN_BOOL_CONVERSION = YES;
				CLANG_WARN_COMMA = YES;
				CLANG_WARN_CONSTANT_CONVERSION = YES;
				CLANG_WARN_DEPRECATED_OBJC_IMPLEMENTATIONS = YES;
				CLANG_WARN_DIRECT_OBJC_ISA_USAGE = YES_ERROR;
				CLANG_WARN_DOCUMENTATION_COMMENTS = YES;
				CLANG_WARN_EMPTY_BODY = YES;
				CLANG_WARN_ENUM_CONVERSION = YES;
				CLANG_WARN_INFINITE_RECURSION = YES;
				CLANG_WARN_INT_CONVERSION = YES;
				CLANG_WARN_NON_LITERAL_NULL_CONVERSION = YES;
				CLANG_WARN_OBJC_IMPLICIT_RETAIN_SELF = YES;
				CLANG_WARN_OBJC_LITERAL_CONVERSION = YES;
				CLANG_WARN_OBJC_ROOT_CLASS = YES_ERROR;
				CLANG_WARN_RANGE_LOOP_ANALYSIS = YES;
				CLANG_WARN_STRICT_PROTOTYPES = YES;
				CLANG_WARN_SUSPICIOUS_MOVE = YES;
				CLANG_WARN_UNGUARDED_AVAILABILITY = YES_AGGRESSIVE;
				CLANG_WARN_UNREACHABLE_CODE = YES;
				CLANG_WARN__DUPLICATE_METHOD_MATCH = YES;
				COPY_PHASE_STRIP = NO;
				DEBUG_INFORMATION_FORMAT = dwarf;
				ENABLE_STRICT_OBJC_MSGSEND = YES;
				ENABLE_TESTABILITY = YES;
				GCC_C_LANGUAGE_STANDARD = gnu11;
				GCC_DYNAMIC_NO_PIC = NO;
				GCC_NO_COMMON_BLOCKS = YES;
				GCC_OPTIMIZATION_LEVEL = 0;
				GCC_PREPROCESSOR_DEFINITIONS = (
					"DEBUG=1",
					"$(inherited)",
				);
				GCC_WARN_64_TO_32_BIT_CONVERSION = YES;
				GCC_WARN_ABOUT_RETURN_TYPE = YES_ERROR;
				GCC_WARN_UNDECLARED_SELECTOR = YES;
				GCC_WARN_UNINITIALIZED_AUTOS = YES_AGGRESSIVE;
				GCC_WARN_UNUSED_FUNCTION = YES;
				GCC_WARN_UNUSED_VARIABLE = YES;
				IPHONEOS_DEPLOYMENT_TARGET = 13.2;
				MTL_ENABLE_DEBUG_INFO = INCLUDE_SOURCE;
				MTL_FAST_MATH = YES;
				ONLY_ACTIVE_ARCH = YES;
				SDKROOT = iphoneos;
				SWIFT_ACTIVE_COMPILATION_CONDITIONS = DEBUG;
				SWIFT_OPTIMIZATION_LEVEL = "-Onone";
			};
			name = Debug;
		};
		391F7AC623D6C86200198BFC /* Release */ = {
			isa = XCBuildConfiguration;
			buildSettings = {
				ALWAYS_SEARCH_USER_PATHS = NO;
				CLANG_ANALYZER_NONNULL = YES;
				CLANG_ANALYZER_NUMBER_OBJECT_CONVERSION = YES_AGGRESSIVE;
				CLANG_CXX_LANGUAGE_STANDARD = "gnu++14";
				CLANG_CXX_LIBRARY = "libc++";
				CLANG_ENABLE_MODULES = YES;
				CLANG_ENABLE_OBJC_ARC = YES;
				CLANG_ENABLE_OBJC_WEAK = YES;
				CLANG_WARN_BLOCK_CAPTURE_AUTORELEASING = YES;
				CLANG_WARN_BOOL_CONVERSION = YES;
				CLANG_WARN_COMMA = YES;
				CLANG_WARN_CONSTANT_CONVERSION = YES;
				CLANG_WARN_DEPRECATED_OBJC_IMPLEMENTATIONS = YES;
				CLANG_WARN_DIRECT_OBJC_ISA_USAGE = YES_ERROR;
				CLANG_WARN_DOCUMENTATION_COMMENTS = YES;
				CLANG_WARN_EMPTY_BODY = YES;
				CLANG_WARN_ENUM_CONVERSION = YES;
				CLANG_WARN_INFINITE_RECURSION = YES;
				CLANG_WARN_INT_CONVERSION = YES;
				CLANG_WARN_NON_LITERAL_NULL_CONVERSION = YES;
				CLANG_WARN_OBJC_IMPLICIT_RETAIN_SELF = YES;
				CLANG_WARN_OBJC_LITERAL_CONVERSION = YES;
				CLANG_WARN_OBJC_ROOT_CLASS = YES_ERROR;
				CLANG_WARN_RANGE_LOOP_ANALYSIS = YES;
				CLANG_WARN_STRICT_PROTOTYPES = YES;
				CLANG_WARN_SUSPICIOUS_MOVE = YES;
				CLANG_WARN_UNGUARDED_AVAILABILITY = YES_AGGRESSIVE;
				CLANG_WARN_UNREACHABLE_CODE = YES;
				CLANG_WARN__DUPLICATE_METHOD_MATCH = YES;
				COPY_PHASE_STRIP = NO;
				DEBUG_INFORMATION_FORMAT = "dwarf-with-dsym";
				ENABLE_NS_ASSERTIONS = NO;
				ENABLE_STRICT_OBJC_MSGSEND = YES;
				GCC_C_LANGUAGE_STANDARD = gnu11;
				GCC_NO_COMMON_BLOCKS = YES;
				GCC_WARN_64_TO_32_BIT_CONVERSION = YES;
				GCC_WARN_ABOUT_RETURN_TYPE = YES_ERROR;
				GCC_WARN_UNDECLARED_SELECTOR = YES;
				GCC_WARN_UNINITIALIZED_AUTOS = YES_AGGRESSIVE;
				GCC_WARN_UNUSED_FUNCTION = YES;
				GCC_WARN_UNUSED_VARIABLE = YES;
				IPHONEOS_DEPLOYMENT_TARGET = 13.2;
				MTL_ENABLE_DEBUG_INFO = NO;
				MTL_FAST_MATH = YES;
				SDKROOT = iphoneos;
				SWIFT_COMPILATION_MODE = wholemodule;
				SWIFT_OPTIMIZATION_LEVEL = "-O";
				VALIDATE_PRODUCT = YES;
			};
			name = Release;
		};
		391F7AC823D6C86200198BFC /* Debug */ = {
			isa = XCBuildConfiguration;
			buildSettings = {
				ASSETCATALOG_COMPILER_APPICON_NAME = AppIcon;
				CODE_SIGN_STYLE = Automatic;
				DEVELOPMENT_TEAM = N69L54M4W3;
				INFOPLIST_FILE = TipCal/Info.plist;
				LD_RUNPATH_SEARCH_PATHS = (
					"$(inherited)",
					"@executable_path/Frameworks",
				);
				PRODUCT_BUNDLE_IDENTIFIER = com.codepath.TipCal;
				PRODUCT_NAME = "$(TARGET_NAME)";
				SWIFT_VERSION = 5.0;
				TARGETED_DEVICE_FAMILY = "1,2";
			};
			name = Debug;
		};
		391F7AC923D6C86200198BFC /* Release */ = {
			isa = XCBuildConfiguration;
			buildSettings = {
				ASSETCATALOG_COMPILER_APPICON_NAME = AppIcon;
				CODE_SIGN_STYLE = Automatic;
				DEVELOPMENT_TEAM = N69L54M4W3;
				INFOPLIST_FILE = TipCal/Info.plist;
				LD_RUNPATH_SEARCH_PATHS = (
					"$(inherited)",
					"@executable_path/Frameworks",
				);
				PRODUCT_BUNDLE_IDENTIFIER = com.codepath.TipCal;
				PRODUCT_NAME = "$(TARGET_NAME)";
				SWIFT_VERSION = 5.0;
				TARGETED_DEVICE_FAMILY = "1,2";
			};
			name = Release;
		};
		391F7ACB23D6C86200198BFC /* Debug */ = {
			isa = XCBuildConfiguration;
			buildSettings = {
				ALWAYS_EMBED_SWIFT_STANDARD_LIBRARIES = YES;
				BUNDLE_LOADER = "$(TEST_HOST)";
				CODE_SIGN_STYLE = Automatic;
				DEVELOPMENT_TEAM = N69L54M4W3;
				INFOPLIST_FILE = TipCalTests/Info.plist;
				IPHONEOS_DEPLOYMENT_TARGET = 13.2;
				LD_RUNPATH_SEARCH_PATHS = (
					"$(inherited)",
					"@executable_path/Frameworks",
					"@loader_path/Frameworks",
				);
				PRODUCT_BUNDLE_IDENTIFIER = com.codepath.TipCalTests;
				PRODUCT_NAME = "$(TARGET_NAME)";
				SWIFT_VERSION = 5.0;
				TARGETED_DEVICE_FAMILY = "1,2";
				TEST_HOST = "$(BUILT_PRODUCTS_DIR)/TipCal.app/TipCal";
			};
			name = Debug;
		};
		391F7ACC23D6C86200198BFC /* Release */ = {
			isa = XCBuildConfiguration;
			buildSettings = {
				ALWAYS_EMBED_SWIFT_STANDARD_LIBRARIES = YES;
				BUNDLE_LOADER = "$(TEST_HOST)";
				CODE_SIGN_STYLE = Automatic;
				DEVELOPMENT_TEAM = N69L54M4W3;
				INFOPLIST_FILE = TipCalTests/Info.plist;
				IPHONEOS_DEPLOYMENT_TARGET = 13.2;
				LD_RUNPATH_SEARCH_PATHS = (
					"$(inherited)",
					"@executable_path/Frameworks",
					"@loader_path/Frameworks",
				);
				PRODUCT_BUNDLE_IDENTIFIER = com.codepath.TipCalTests;
				PRODUCT_NAME = "$(TARGET_NAME)";
				SWIFT_VERSION = 5.0;
				TARGETED_DEVICE_FAMILY = "1,2";
				TEST_HOST = "$(BUILT_PRODUCTS_DIR)/TipCal.app/TipCal";
			};
			name = Release;
		};
		391F7ACE23D6C86200198BFC /* Debug */ = {
			isa = XCBuildConfiguration;
			buildSettings = {
				ALWAYS_EMBED_SWIFT_STANDARD_LIBRARIES = YES;
				CODE_SIGN_STYLE = Automatic;
				DEVELOPMENT_TEAM = N69L54M4W3;
				INFOPLIST_FILE = TipCalUITests/Info.plist;
				LD_RUNPATH_SEARCH_PATHS = (
					"$(inherited)",
					"@executable_path/Frameworks",
					"@loader_path/Frameworks",
				);
				PRODUCT_BUNDLE_IDENTIFIER = com.codepath.TipCalUITests;
				PRODUCT_NAME = "$(TARGET_NAME)";
				SWIFT_VERSION = 5.0;
				TARGETED_DEVICE_FAMILY = "1,2";
				TEST_TARGET_NAME = TipCal;
			};
			name = Debug;
		};
		391F7ACF23D6C86200198BFC /* Release */ = {
			isa = XCBuildConfiguration;
			buildSettings = {
				ALWAYS_EMBED_SWIFT_STANDARD_LIBRARIES = YES;
				CODE_SIGN_STYLE = Automatic;
				DEVELOPMENT_TEAM = N69L54M4W3;
				INFOPLIST_FILE = TipCalUITests/Info.plist;
				LD_RUNPATH_SEARCH_PATHS = (
					"$(inherited)",
					"@executable_path/Frameworks",
					"@loader_path/Frameworks",
				);
				PRODUCT_BUNDLE_IDENTIFIER = com.codepath.TipCalUITests;
				PRODUCT_NAME = "$(TARGET_NAME)";
				SWIFT_VERSION = 5.0;
				TARGETED_DEVICE_FAMILY = "1,2";
				TEST_TARGET_NAME = TipCal;
			};
			name = Release;
		};
/* End XCBuildConfiguration section */

/* Begin XCConfigurationList section */
		391F7A9823D6C86100198BFC /* Build configuration list for PBXProject "TipCal" */ = {
			isa = XCConfigurationList;
			buildConfigurations = (
				391F7AC523D6C86200198BFC /* Debug */,
				391F7AC623D6C86200198BFC /* Release */,
			);
			defaultConfigurationIsVisible = 0;
			defaultConfigurationName = Release;
		};
		391F7AC723D6C86200198BFC /* Build configuration list for PBXNativeTarget "TipCal" */ = {
			isa = XCConfigurationList;
			buildConfigurations = (
				391F7AC823D6C86200198BFC /* Debug */,
				391F7AC923D6C86200198BFC /* Release */,
			);
			defaultConfigurationIsVisible = 0;
			defaultConfigurationName = Release;
		};
		391F7ACA23D6C86200198BFC /* Build configuration list for PBXNativeTarget "TipCalTests" */ = {
			isa = XCConfigurationList;
			buildConfigurations = (
				391F7ACB23D6C86200198BFC /* Debug */,
				391F7ACC23D6C86200198BFC /* Release */,
			);
			defaultConfigurationIsVisible = 0;
			defaultConfigurationName = Release;
		};
		391F7ACD23D6C86200198BFC /* Build configuration list for PBXNativeTarget "TipCalUITests" */ = {
			isa = XCConfigurationList;
			buildConfigurations = (
				391F7ACE23D6C86200198BFC /* Debug */,
				391F7ACF23D6C86200198BFC /* Release */,
			);
			defaultConfigurationIsVisible = 0;
			defaultConfigurationName = Release;
		};
/* End XCConfigurationList section */
	};
	rootObject = 391F7A9523D6C86100198BFC /* Project object */;
}
